
Microsoft Visual Studio Solution File, Format Version 12.00
# Visual Studio Version 17
VisualStudioVersion = 17.3.32819.101
MinimumVisualStudioVersion = 10.0.40219.1
Project("{FAE04EC0-301F-11D3-BF4B-00C04F79EFBC}") = "UNIVERSITYJOBSPORTAL", "UNIVERSITYJOBSPORTAL\UNIVERSITYJOBSPORTAL.csproj", "{DEEAE2F2-BB2A-48A0-9BA9-18D3520668FB}"
EndProject
Global
	GlobalSection(SolutionConfigurationPlatforms) = preSolution
		Debug|Any CPU = Debug|Any CPU
		Release|Any CPU = Release|Any CPU
	EndGlobalSection
	GlobalSection(ProjectConfigurationPlatforms) = postSolution
		{DEEAE2F2-BB2A-48A0-9BA9-18D3520668FB}.Debug|Any CPU.ActiveCfg = Debug|Any CPU
		{DEEAE2F2-BB2A-48A0-9BA9-18D3520668FB}.Debug|Any CPU.Build.0 = Debug|Any CPU
		{DEEAE2F2-BB2A-48A0-9BA9-18D3520668FB}.Release|Any CPU.ActiveCfg = Release|Any CPU
		{DEEAE2F2-BB2A-48A0-9BA9-18D3520668FB}.Release|Any CPU.Build.0 = Release|Any CPU
	EndGlobalSection
	GlobalSection(SolutionProperties) = preSolution
		HideSolutionNode = FALSE
	EndGlobalSection
	GlobalSection(ExtensibilityGlobals) = postSolution
		SolutionGuid = {FCD7A3FF-B340-4D28-853D-E289C8B15F7B}
	EndGlobalSection
EndGlobal
